// !$*UTF8*$!
{
	archiveVersion = 1;
	classes = {
	};
	objectVersion = 50;
	objects = {

/* Begin PBXBuildFile section */
		FB8F3280241D2DD000393DC0 /* AppDelegate.swift in Sources */ = {isa = PBXBuildFile; fileRef = FB8F327F241D2DD000393DC0 /* AppDelegate.swift */; };
		FB8F3282241D2DD000393DC0 /* SceneDelegate.swift in Sources */ = {isa = PBXBuildFile; fileRef = FB8F3281241D2DD000393DC0 /* SceneDelegate.swift */; };
		FB8F3284241D2DD000393DC0 /* ViewController.swift in Sources */ = {isa = PBXBuildFile; fileRef = FB8F3283241D2DD000393DC0 /* ViewController.swift */; };
		FB8F3287241D2DD000393DC0 /* Main.storyboard in Resources */ = {isa = PBXBuildFile; fileRef = FB8F3285241D2DD000393DC0 /* Main.storyboard */; };
		FB8F3289241D2DD100393DC0 /* Assets.xcassets in Resources */ = {isa = PBXBuildFile; fileRef = FB8F3288241D2DD100393DC0 /* Assets.xcassets */; };
		FB8F328C241D2DD100393DC0 /* LaunchScreen.storyboard in Resources */ = {isa = PBXBuildFile; fileRef = FB8F328A241D2DD100393DC0 /* LaunchScreen.storyboard */; };
		FB8F3297241D2DD100393DC0 /* appointmentTests.swift in Sources */ = {isa = PBXBuildFile; fileRef = FB8F3296241D2DD100393DC0 /* appointmentTests.swift */; };
/* End PBXBuildFile section */

/* Begin PBXContainerItemProxy section */
		FB8F3293241D2DD100393DC0 /* PBXContainerItemProxy */ = {
			isa = PBXContainerItemProxy;
			containerPortal = FB8F3274241D2DD000393DC0 /* Project object */;
			proxyType = 1;
			remoteGlobalIDString = FB8F327B241D2DD000393DC0;
			remoteInfo = appointment;
		};
/* End PBXContainerItemProxy section */

/* Begin PBXFileReference section */
		FB8F327C241D2DD000393DC0 /* appointment.app */ = {isa = PBXFileReference; explicitFileType = wrapper.application; includeInIndex = 0; path = appointment.app; sourceTree = BUILT_PRODUCTS_DIR; };
		FB8F327F241D2DD000393DC0 /* AppDelegate.swift */ = {isa = PBXFileReference; lastKnownFileType = sourcecode.swift; path = AppDelegate.swift; sourceTree = "<group>"; };
		FB8F3281241D2DD000393DC0 /* SceneDelegate.swift */ = {isa = PBXFileReference; lastKnownFileType = sourcecode.swift; path = SceneDelegate.swift; sourceTree = "<group>"; };
		FB8F3283241D2DD000393DC0 /* ViewController.swift */ = {isa = PBXFileReference; lastKnownFileType = sourcecode.swift; path = ViewController.swift; sourceTree = "<group>"; };
		FB8F3286241D2DD000393DC0 /* Base */ = {isa = PBXFileReference; lastKnownFileType = file.storyboard; name = Base; path = Base.lproj/Main.storyboard; sourceTree = "<group>"; };
		FB8F3288241D2DD100393DC0 /* Assets.xcassets */ = {isa = PBXFileReference; lastKnownFileType = folder.assetcatalog; path = Assets.xcassets; sourceTree = "<group>"; };
		FB8F328B241D2DD100393DC0 /* Base */ = {isa = PBXFileReference; lastKnownFileType = file.storyboard; name = Base; path = Base.lproj/LaunchScreen.storyboard; sourceTree = "<group>"; };
		FB8F328D241D2DD100393DC0 /* Info.plist */ = {isa = PBXFileReference; lastKnownFileType = text.plist.xml; path = Info.plist; sourceTree = "<group>"; };
		FB8F3292241D2DD100393DC0 /* appointmentTests.xctest */ = {isa = PBXFileReference; explicitFileType = wrapper.cfbundle; includeInIndex = 0; path = appointmentTests.xctest; sourceTree = BUILT_PRODUCTS_DIR; };
		FB8F3296241D2DD100393DC0 /* appointmentTests.swift */ = {isa = PBXFileReference; lastKnownFileType = sourcecode.swift; path = appointmentTests.swift; sourceTree = "<group>"; };
		FB8F3298241D2DD100393DC0 /* Info.plist */ = {isa = PBXFileReference; lastKnownFileType = text.plist.xml; path = Info.plist; sourceTree = "<group>"; };
/* End PBXFileReference section */

/* Begin PBXFrameworksBuildPhase section */
		FB8F3279241D2DD000393DC0 /* Frameworks */ = {
			isa = PBXFrameworksBuildPhase;
			buildActionMask = 2147483647;
			files = (
			);
			runOnlyForDeploymentPostprocessing = 0;
		};
		FB8F328F241D2DD100393DC0 /* Frameworks */ = {
			isa = PBXFrameworksBuildPhase;
			buildActionMask = 2147483647;
			files = (
			);
			runOnlyForDeploymentPostprocessing = 0;
		};
/* End PBXFrameworksBuildPhase section */

/* Begin PBXGroup section */
		FB8F3273241D2DD000393DC0 = {
			isa = PBXGroup;
			children = (
				FB8F327E241D2DD000393DC0 /* appointment */,
				FB8F3295241D2DD100393DC0 /* appointmentTests */,
				FB8F327D241D2DD000393DC0 /* Products */,
			);
			sourceTree = "<group>";
		};
		FB8F327D241D2DD000393DC0 /* Products */ = {
			isa = PBXGroup;
			children = (
				FB8F327C241D2DD000393DC0 /* appointment.app */,
				FB8F3292241D2DD100393DC0 /* appointmentTests.xctest */,
			);
			name = Products;
			sourceTree = "<group>";
		};
		FB8F327E241D2DD000393DC0 /* appointment */ = {
			isa = PBXGroup;
			children = (
				FB8F327F241D2DD000393DC0 /* AppDelegate.swift */,
				FB8F3281241D2DD000393DC0 /* SceneDelegate.swift */,
				FB8F3283241D2DD000393DC0 /* ViewController.swift */,
				FB8F3285241D2DD000393DC0 /* Main.storyboard */,
				FB8F3288241D2DD100393DC0 /* Assets.xcassets */,
				FB8F328A241D2DD100393DC0 /* LaunchScreen.storyboard */,
				FB8F328D241D2DD100393DC0 /* Info.plist */,
			);
			path = appointment;
			sourceTree = "<group>";
		};
		FB8F3295241D2DD100393DC0 /* appointmentTests */ = {
			isa = PBXGroup;
			children = (
				FB8F3296241D2DD100393DC0 /* appointmentTests.swift */,
				FB8F3298241D2DD100393DC0 /* Info.plist */,
			);
			path = appointmentTests;
			sourceTree = "<group>";
		};
/* End PBXGroup section */

/* Begin PBXNativeTarget section */
		FB8F327B241D2DD000393DC0 /* appointment */ = {
			isa = PBXNativeTarget;
			buildConfigurationList = FB8F329B241D2DD100393DC0 /* Build configuration list for PBXNativeTarget "appointment" */;
			buildPhases = (
				FB8F3278241D2DD000393DC0 /* Sources */,
				FB8F3279241D2DD000393DC0 /* Frameworks */,
				FB8F327A241D2DD000393DC0 /* Resources */,
			);
			buildRules = (
			);
			dependencies = (
			);
			name = appointment;
			productName = appointment;
			productReference = FB8F327C241D2DD000393DC0 /* appointment.app */;
			productType = "com.apple.product-type.application";
		};
		FB8F3291241D2DD100393DC0 /* appointmentTests */ = {
			isa = PBXNativeTarget;
			buildConfigurationList = FB8F329E241D2DD100393DC0 /* Build configuration list for PBXNativeTarget "appointmentTests" */;
			buildPhases = (
				FB8F328E241D2DD100393DC0 /* Sources */,
				FB8F328F241D2DD100393DC0 /* Frameworks */,
				FB8F3290241D2DD100393DC0 /* Resources */,
			);
			buildRules = (
			);
			dependencies = (
				FB8F3294241D2DD100393DC0 /* PBXTargetDependency */,
			);
			name = appointmentTests;
			productName = appointmentTests;
			productReference = FB8F3292241D2DD100393DC0 /* appointmentTests.xctest */;
			productType = "com.apple.product-type.bundle.unit-test";
		};
/* End PBXNativeTarget section */

/* Begin PBXProject section */
		FB8F3274241D2DD000393DC0 /* Project object */ = {
			isa = PBXProject;
			attributes = {
				LastSwiftUpdateCheck = 1130;
				LastUpgradeCheck = 1130;
				ORGANIZATIONNAME = Mohamed;
				TargetAttributes = {
					FB8F327B241D2DD000393DC0 = {
						CreatedOnToolsVersion = 11.3.1;
					};
					FB8F3291241D2DD100393DC0 = {
						CreatedOnToolsVersion = 11.3.1;
						TestTargetID = FB8F327B241D2DD000393DC0;
					};
				};
			};
			buildConfigurationList = FB8F3277241D2DD000393DC0 /* Build configuration list for PBXProject "appointment" */;
			compatibilityVersion = "Xcode 9.3";
			developmentRegion = en;
			hasScannedForEncodings = 0;
			knownRegions = (
				en,
				Base,
			);
			mainGroup = FB8F3273241D2DD000393DC0;
			productRefGroup = FB8F327D241D2DD000393DC0 /* Products */;
			projectDirPath = "";
			projectRoot = "";
			targets = (
				FB8F327B241D2DD000393DC0 /* appointment */,
				FB8F3291241D2DD100393DC0 /* appointmentTests */,
			);
		};
/* End PBXProject section */

/* Begin PBXResourcesBuildPhase section */
		FB8F327A241D2DD000393DC0 /* Resources */ = {
			isa = PBXResourcesBuildPhase;
			buildActionMask = 2147483647;
			files = (
				FB8F328C241D2DD100393DC0 /* LaunchScreen.storyboard in Resources */,
				FB8F3289241D2DD100393DC0 /* Assets.xcassets in Resources */,
				FB8F3287241D2DD000393DC0 /* Main.storyboard in Resources */,
			);
			runOnlyForDeploymentPostprocessing = 0;
		};
		FB8F3290241D2DD100393DC0 /* Resources */ = {
			isa = PBXResourcesBuildPhase;
			buildActionMask = 2147483647;
			files = (
			);
			runOnlyForDeploymentPostprocessing = 0;
		};
/* End PBXResourcesBuildPhase section */

/* Begin PBXSourcesBuildPhase section */
		FB8F3278241D2DD000393DC0 /* Sources */ = {
			isa = PBXSourcesBuildPhase;
			buildActionMask = 2147483647;
			files = (
				FB8F3284241D2DD000393DC0 /* ViewController.swift in Sources */,
				FB8F3280241D2DD000393DC0 /* AppDelegate.swift in Sources */,
				FB8F3282241D2DD000393DC0 /* SceneDelegate.swift in Sources */,
			);
			runOnlyForDeploymentPostprocessing = 0;
		};
		FB8F328E241D2DD100393DC0 /* Sources */ = {
			isa = PBXSourcesBuildPhase;
			buildActionMask = 2147483647;
			files = (
				FB8F3297241D2DD100393DC0 /* appointmentTests.swift in Sources */,
			);
			runOnlyForDeploymentPostprocessing = 0;
		};
/* End PBXSourcesBuildPhase section */

/* Begin PBXTargetDependency section */
		FB8F3294241D2DD100393DC0 /* PBXTargetDependency */ = {
			isa = PBXTargetDependency;
			target = FB8F327B241D2DD000393DC0 /* appointment */;
			targetProxy = FB8F3293241D2DD100393DC0 /* PBXContainerItemProxy */;
		};
/* End PBXTargetDependency section */

/* Begin PBXVariantGroup section */
		FB8F3285241D2DD000393DC0 /* Main.storyboard */ = {
			isa = PBXVariantGroup;
			children = (
				FB8F3286241D2DD000393DC0 /* Base */,
			);
			name = Main.storyboard;
			sourceTree = "<group>";
		};
		FB8F328A241D2DD100393DC0 /* LaunchScreen.storyboard */ = {
			isa = PBXVariantGroup;
			children = (
				FB8F328B241D2DD100393DC0 /* Base */,
			);
			name = LaunchScreen.storyboard;
			sourceTree = "<group>";
		};
/* End PBXVariantGroup section */

/* Begin XCBuildConfiguration section */
		FB8F3299241D2DD100393DC0 /* Debug */ = {
			isa = XCBuildConfiguration;
			buildSettings = {
				ALWAYS_SEARCH_USER_PATHS = NO;
				CLANG_ANALYZER_NONNULL = YES;
				CLANG_ANALYZER_NUMBER_OBJECT_CONVERSION = YES_AGGRESSIVE;
				CLANG_CXX_LANGUAGE_STANDARD = "gnu++14";
				CLANG_CXX_LIBRARY = "libc++";
				CLANG_ENABLE_MODULES = YES;
				CLANG_ENABLE_OBJC_ARC = YES;
				CLANG_ENABLE_OBJC_WEAK = YES;
				CLANG_WARN_BLOCK_CAPTURE_AUTORELEASING = YES;
				CLANG_WARN_BOOL_CONVERSION = YES;
				CLANG_WARN_COMMA = YES;
				CLANG_WARN_CONSTANT_CONVERSION = YES;
				CLANG_WARN_DEPRECATED_OBJC_IMPLEMENTATIONS = YES;
				CLANG_WARN_DIRECT_OBJC_ISA_USAGE = YES_ERROR;
				CLANG_WARN_DOCUMENTATION_COMMENTS = YES;
				CLANG_WARN_EMPTY_BODY = YES;
				CLANG_WARN_ENUM_CONVERSION = YES;
				CLANG_WARN_INFINITE_RECURSION = YES;
				CLANG_WARN_INT_CONVERSION = YES;
				CLANG_WARN_NON_LITERAL_NULL_CONVERSION = YES;
				CLANG_WARN_OBJC_IMPLICIT_RETAIN_SELF = YES;
				CLANG_WARN_OBJC_LITERAL_CONVERSION = YES;
				CLANG_WARN_OBJC_ROOT_CLASS = YES_ERROR;
				CLANG_WARN_RANGE_LOOP_ANALYSIS = YES;
				CLANG_WARN_STRICT_PROTOTYPES = YES;
				CLANG_WARN_SUSPICIOUS_MOVE = YES;
				CLANG_WARN_UNGUARDED_AVAILABILITY = YES_AGGRESSIVE;
				CLANG_WARN_UNREACHABLE_CODE = YES;
				CLANG_WARN__DUPLICATE_METHOD_MATCH = YES;
				COPY_PHASE_STRIP = NO;
				DEBUG_INFORMATION_FORMAT = dwarf;
				ENABLE_STRICT_OBJC_MSGSEND = YES;
				ENABLE_TESTABILITY = YES;
				GCC_C_LANGUAGE_STANDARD = gnu11;
				GCC_DYNAMIC_NO_PIC = NO;
				GCC_NO_COMMON_BLOCKS = YES;
				GCC_OPTIMIZATION_LEVEL = 0;
				GCC_PREPROCESSOR_DEFINITIONS = (
					"DEBUG=1",
					"$(inherited)",
				);
				GCC_WARN_64_TO_32_BIT_CONVERSION = YES;
				GCC_WARN_ABOUT_RETURN_TYPE = YES_ERROR;
				GCC_WARN_UNDECLARED_SELECTOR = YES;
				GCC_WARN_UNINITIALIZED_AUTOS = YES_AGGRESSIVE;
				GCC_WARN_UNUSED_FUNCTION = YES;
				GCC_WARN_UNUSED_VARIABLE = YES;
				IPHONEOS_DEPLOYMENT_TARGET = 13.2;
				MTL_ENABLE_DEBUG_INFO = INCLUDE_SOURCE;
				MTL_FAST_MATH = YES;
				ONLY_ACTIVE_ARCH = YES;
				SDKROOT = iphoneos;
				SWIFT_ACTIVE_COMPILATION_CONDITIONS = DEBUG;
				SWIFT_OPTIMIZATION_LEVEL = "-Onone";
			};
			name = Debug;
		};
		FB8F329A241D2DD100393DC0 /* Release */ = {
			isa = XCBuildConfiguration;
			buildSettings = {
				ALWAYS_SEARCH_USER_PATHS = NO;
				CLANG_ANALYZER_NONNULL = YES;
				CLANG_ANALYZER_NUMBER_OBJECT_CONVERSION = YES_AGGRESSIVE;
				CLANG_CXX_LANGUAGE_STANDARD = "gnu++14";
				CLANG_CXX_LIBRARY = "libc++";
				CLANG_ENABLE_MODULES = YES;
				CLANG_ENABLE_OBJC_ARC = YES;
				CLANG_ENABLE_OBJC_WEAK = YES;
				CLANG_WARN_BLOCK_CAPTURE_AUTORELEASING = YES;
				CLANG_WARN_BOOL_CONVERSION = YES;
				CLANG_WARN_COMMA = YES;
				CLANG_WARN_CONSTANT_CONVERSION = YES;
				CLANG_WARN_DEPRECATED_OBJC_IMPLEMENTATIONS = YES;
				CLANG_WARN_DIRECT_OBJC_ISA_USAGE = YES_ERROR;
				CLANG_WARN_DOCUMENTATION_COMMENTS = YES;
				CLANG_WARN_EMPTY_BODY = YES;
				CLANG_WARN_ENUM_CONVERSION = YES;
				CLANG_WARN_INFINITE_RECURSION = YES;
				CLANG_WARN_INT_CONVERSION = YES;
				CLANG_WARN_NON_LITERAL_NULL_CONVERSION = YES;
				CLANG_WARN_OBJC_IMPLICIT_RETAIN_SELF = YES;
				CLANG_WARN_OBJC_LITERAL_CONVERSION = YES;
				CLANG_WARN_OBJC_ROOT_CLASS = YES_ERROR;
				CLANG_WARN_RANGE_LOOP_ANALYSIS = YES;
				CLANG_WARN_STRICT_PROTOTYPES = YES;
				CLANG_WARN_SUSPICIOUS_MOVE = YES;
				CLANG_WARN_UNGUARDED_AVAILABILITY = YES_AGGRESSIVE;
				CLANG_WARN_UNREACHABLE_CODE = YES;
				CLANG_WARN__DUPLICATE_METHOD_MATCH = YES;
				COPY_PHASE_STRIP = NO;
				DEBUG_INFORMATION_FORMAT = "dwarf-with-dsym";
				ENABLE_NS_ASSERTIONS = NO;
				ENABLE_STRICT_OBJC_MSGSEND = YES;
				GCC_C_LANGUAGE_STANDARD = gnu11;
				GCC_NO_COMMON_BLOCKS = YES;
				GCC_WARN_64_TO_32_BIT_CONVERSION = YES;
				GCC_WARN_ABOUT_RETURN_TYPE = YES_ERROR;
				GCC_WARN_UNDECLARED_SELECTOR = YES;
				GCC_WARN_UNINITIALIZED_AUTOS = YES_AGGRESSIVE;
				GCC_WARN_UNUSED_FUNCTION = YES;
				GCC_WARN_UNUSED_VARIABLE = YES;
				IPHONEOS_DEPLOYMENT_TARGET = 13.2;
				MTL_ENABLE_DEBUG_INFO = NO;
				MTL_FAST_MATH = YES;
				SDKROOT = iphoneos;
				SWIFT_COMPILATION_MODE = wholemodule;
				SWIFT_OPTIMIZATION_LEVEL = "-O";
				VALIDATE_PRODUCT = YES;
			};
			name = Release;
		};
		FB8F329C241D2DD100393DC0 /* Debug */ = {
			isa = XCBuildConfiguration;
			buildSettings = {
				ASSETCATALOG_COMPILER_APPICON_NAME = AppIcon;
				CODE_SIGN_STYLE = Automatic;
				DEVELOPMENT_TEAM = 4ZH4T4TWZ3;
				INFOPLIST_FILE = appointment/Info.plist;
				LD_RUNPATH_SEARCH_PATHS = (
					"$(inherited)",
					"@executable_path/Frameworks",
				);
				PRODUCT_BUNDLE_IDENTIFIER = M.appointment;
				PRODUCT_NAME = "$(TARGET_NAME)";
				SWIFT_VERSION = 5.0;
				TARGETED_DEVICE_FAMILY = "1,2";
			};
			name = Debug;
		};
		FB8F329D241D2DD100393DC0 /* Release */ = {
			isa = XCBuildConfiguration;
			buildSettings = {
				ASSETCATALOG_COMPILER_APPICON_NAME = AppIcon;
				CODE_SIGN_STYLE = Automatic;
				DEVELOPMENT_TEAM = 4ZH4T4TWZ3;
				INFOPLIST_FILE = appointment/Info.plist;
				LD_RUNPATH_SEARCH_PATHS = (
					"$(inherited)",
					"@executable_path/Frameworks",
				);
				PRODUCT_BUNDLE_IDENTIFIER = M.appointment;
				PRODUCT_NAME = "$(TARGET_NAME)";
				SWIFT_VERSION = 5.0;
				TARGETED_DEVICE_FAMILY = "1,2";
			};
			name = Release;
		};
		FB8F329F241D2DD100393DC0 /* Debug */ = {
			isa = XCBuildConfiguration;
			buildSettings = {
				ALWAYS_EMBED_SWIFT_STANDARD_LIBRARIES = YES;
				BUNDLE_LOADER = "$(TEST_HOST)";
				CODE_SIGN_STYLE = Automatic;
				DEVELOPMENT_TEAM = 4ZH4T4TWZ3;
				INFOPLIST_FILE = appointmentTests/Info.plist;
				IPHONEOS_DEPLOYMENT_TARGET = 13.2;
				LD_RUNPATH_SEARCH_PATHS = (
					"$(inherited)",
					"@executable_path/Frameworks",
					"@loader_path/Frameworks",
				);
				PRODUCT_BUNDLE_IDENTIFIER = M.appointmentTests;
				PRODUCT_NAME = "$(TARGET_NAME)";
				SWIFT_VERSION = 5.0;
				TARGETED_DEVICE_FAMILY = "1,2";
				TEST_HOST = "$(BUILT_PRODUCTS_DIR)/appointment.app/appointment";
			};
			name = Debug;
		};
		FB8F32A0241D2DD100393DC0 /* Release */ = {
			isa = XCBuildConfiguration;
			buildSettings = {
				ALWAYS_EMBED_SWIFT_STANDARD_LIBRARIES = YES;
				BUNDLE_LOADER = "$(TEST_HOST)";
				CODE_SIGN_STYLE = Automatic;
				DEVELOPMENT_TEAM = 4ZH4T4TWZ3;
				INFOPLIST_FILE = appointmentTests/Info.plist;
				IPHONEOS_DEPLOYMENT_TARGET = 13.2;
				LD_RUNPATH_SEARCH_PATHS = (
					"$(inherited)",
					"@executable_path/Frameworks",
					"@loader_path/Frameworks",
				);
				PRODUCT_BUNDLE_IDENTIFIER = M.appointmentTests;
				PRODUCT_NAME = "$(TARGET_NAME)";
				SWIFT_VERSION = 5.0;
				TARGETED_DEVICE_FAMILY = "1,2";
				TEST_HOST = "$(BUILT_PRODUCTS_DIR)/appointment.app/appointment";
			};
			name = Release;
		};
/* End XCBuildConfiguration section */

/* Begin XCConfigurationList section */
		FB8F3277241D2DD000393DC0 /* Build configuration list for PBXProject "appointment" */ = {
			isa = XCConfigurationList;
			buildConfigurations = (
				FB8F3299241D2DD100393DC0 /* Debug */,
				FB8F329A241D2DD100393DC0 /* Release */,
			);
			defaultConfigurationIsVisible = 0;
			defaultConfigurationName = Release;
		};
		FB8F329B241D2DD100393DC0 /* Build configuration list for PBXNativeTarget "appointment" */ = {
			isa = XCConfigurationList;
			buildConfigurations = (
				FB8F329C241D2DD100393DC0 /* Debug */,
				FB8F329D241D2DD100393DC0 /* Release */,
			);
			defaultConfigurationIsVisible = 0;
			defaultConfigurationName = Release;
		};
		FB8F329E241D2DD100393DC0 /* Build configuration list for PBXNativeTarget "appointmentTests" */ = {
			isa = XCConfigurationList;
			buildConfigurations = (
				FB8F329F241D2DD100393DC0 /* Debug */,
				FB8F32A0241D2DD100393DC0 /* Release */,
			);
			defaultConfigurationIsVisible = 0;
			defaultConfigurationName = Release;
		};
/* End XCConfigurationList section */
	};
	rootObject = FB8F3274241D2DD000393DC0 /* Project object */;
}
